
Microsoft Visual Studio Solution File, Format Version 12.00
# Visual Studio Version 17
VisualStudioVersion = 17.3.32922.545
MinimumVisualStudioVersion = 10.0.40219.1
Project("{8BC9CEB8-8B4A-11D0-8D11-00A0C91BC942}") = "Client", "Client\Client.vcxproj", "{F083BD58-2E86-4877-B17C-3033D279BFA6}"
EndProject
Project("{8BC9CEB8-8B4A-11D0-8D11-00A0C91BC942}") = "Server", "Server\Server.vcxproj", "{7F72E4C4-B5DD-4946-8EC7-F42DF10781BD}"
EndProject
Global
	GlobalSection(SolutionConfigurationPlatforms) = preSolution
		Debug|x64 = Debug|x64
		Debug|x86 = Debug|x86
		Release|x64 = Release|x64
		Release|x86 = Release|x86
	EndGlobalSection
	GlobalSection(ProjectConfigurationPlatforms) = postSolution
		{F083BD58-2E86-4877-B17C-3033D279BFA6}.Debug|x64.ActiveCfg = Debug|x64
		{F083BD58-2E86-4877-B17C-3033D279BFA6}.Debug|x64.Build.0 = Debug|x64
		{F083BD58-2E86-4877-B17C-3033D279BFA6}.Debug|x86.ActiveCfg = Debug|Win32
		{F083BD58-2E86-4877-B17C-3033D279BFA6}.Debug|x86.Build.0 = Debug|Win32
		{F083BD58-2E86-4877-B17C-3033D279BFA6}.Release|x64.ActiveCfg = Release|x64
		{F083BD58-2E86-4877-B17C-3033D279BFA6}.Release|x64.Build.0 = Release|x64
		{F083BD58-2E86-4877-B17C-3033D279BFA6}.Release|x86.ActiveCfg = Release|Win32
		{F083BD58-2E86-4877-B17C-3033D279BFA6}.Release|x86.Build.0 = Release|Win32
		{7F72E4C4-B5DD-4946-8EC7-F42DF10781BD}.Debug|x64.ActiveCfg = Debug|x64
		{7F72E4C4-B5DD-4946-8EC7-F42DF10781BD}.Debug|x64.Build.0 = Debug|x64
		{7F72E4C4-B5DD-4946-8EC7-F42DF10781BD}.Debug|x86.ActiveCfg = Debug|Win32
		{7F72E4C4-B5DD-4946-8EC7-F42DF10781BD}.Debug|x86.Build.0 = Debug|Win32
		{7F72E4C4-B5DD-4946-8EC7-F42DF10781BD}.Release|x64.ActiveCfg = Release|x64
		{7F72E4C4-B5DD-4946-8EC7-F42DF10781BD}.Release|x64.Build.0 = Release|x64
		{7F72E4C4-B5DD-4946-8EC7-F42DF10781BD}.Release|x86.ActiveCfg = Release|Win32
		{7F72E4C4-B5DD-4946-8EC7-F42DF10781BD}.Release|x86.Build.0 = Release|Win32
	EndGlobalSection
	GlobalSection(SolutionProperties) = preSolution
		HideSolutionNode = FALSE
	EndGlobalSection
	GlobalSection(ExtensibilityGlobals) = postSolution
		SolutionGuid = {C0505808-9191-4D07-BD55-FE5988858187}
	EndGlobalSection
EndGlobal
